<?xml version="1.0" encoding="utf-8"?>
<Project ToolsVersion="4.0" xmlns="http://schemas.microsoft.com/developer/msbuild/2003">
  <ItemGroup>
    <Filter Include="Sources">
      <UniqueIdentifier>{fbad69bf-bc8c-4461-8e60-707b9e9c10ed}</UniqueIdentifier>
      <Extensions>cpp;c;cc;cxx;def;odl;idl;hpj;bat;asm;asmx</Extensions>
    </Filter>
    <Filter Include="Headers">
      <UniqueIdentifier>{71d44dcd-985d-4f36-b0d7-74c166630615}</UniqueIdentifier>
      <Extensions>h;hh;hpp;hxx;hm;inl;inc;xsd</Extensions>
    </Filter>
  </ItemGroup>
  <ItemGroup>
    <ClInclude Include="..\..\Include\Common\Typedef.h">
      <Filter>Headers</Filter>
    </ClInclude>
    <ClInclude Include="..\..\Include\Common\Trace.h">
      <Filter>Headers</Filter>
    </ClInclude>
    <ClInclude Include="..\..\Include\Common\Math.h">
      <Filter>Headers</Filter>
    </ClInclude>
    <ClInclude Include="..\..\Include\Common\Timer.h">
      <Filter>Headers</Filter>
    </ClInclude>
    <ClInclude Include="..\..\Include\Common\Texture.h">
      <Filter>Headers</Filter>
    </ClInclude>
    <ClInclude Include="..\..\Include\Common\stb_image.h">
      <Filter>Headers</Filter>
    </ClInclude>
    <ClInclude Include="..\..\Include\Common\String.h">
      <Filter>Headers</Filter>
    </ClInclude>
    <ClInclude Include="..\..\Include\Common\camera.h">
      <Filter>Headers</Filter>
    </ClInclude>
  </ItemGroup>
  <ItemGroup>
    <ClCompile Include="..\..\Source\Common\Math.cpp">
      <Filter>Sources</Filter>
    </ClCompile>
    <ClCompile Include="..\..\Source\Common\Timer.cpp">
      <Filter>Sources</Filter>
    </ClCompile>
    <ClCompile Include="..\..\Source\Common\Texture.cpp">
      <Filter>Sources</Filter>
    </ClCompile>
    <ClCompile Include="..\..\Source\Common\String.cpp">
      <Filter>Sources</Filter>
    </ClCompile>
  </ItemGroup>
</Project>