
Microsoft Visual Studio Solution File, Format Version 12.00
# Visual Studio 14
VisualStudioVersion = 14.0.25420.1
MinimumVisualStudioVersion = 10.0.40219.1
Project("{2150E333-8FDC-42A3-9474-1A3956D46DE8}") = "SolutionItem", "SolutionItem", "{BB6AB2A3-0C15-4A2A-BD2D-2792D5321A2D}"
	ProjectSection(SolutionItems) = preProject
		..\..\Include\Acmen.h = ..\..\Include\Acmen.h
	EndProjectSection
EndProject
Project("{8BC9CEB8-8B4A-11D0-8D11-00A0C91BC942}") = "Common", "Common.vcxproj", "{4B9FB2F0-3068-4703-9530-B9643B79B892}"
EndProject
Project("{8BC9CEB8-8B4A-11D0-8D11-00A0C91BC942}") = "Renderer", "Renderer.vcxproj", "{0E51D48D-3801-4CDB-8EF7-010831DA3CE7}"
EndProject
Project("{8BC9CEB8-8B4A-11D0-8D11-00A0C91BC942}") = "Sample", "Sample.vcxproj", "{569CDEEF-635C-405F-A038-E79F0C31B823}"
	ProjectSection(ProjectDependencies) = postProject
		{46371E40-29A0-4EF3-8782-2568DF510724} = {46371E40-29A0-4EF3-8782-2568DF510724}
		{0E51D48D-3801-4CDB-8EF7-010831DA3CE7} = {0E51D48D-3801-4CDB-8EF7-010831DA3CE7}
		{4B9FB2F0-3068-4703-9530-B9643B79B892} = {4B9FB2F0-3068-4703-9530-B9643B79B892}
	EndProjectSection
EndProject
Project("{8BC9CEB8-8B4A-11D0-8D11-00A0C91BC942}") = "Platform", "Platform.vcxproj", "{46371E40-29A0-4EF3-8782-2568DF510724}"
	ProjectSection(ProjectDependencies) = postProject
		{4B9FB2F0-3068-4703-9530-B9643B79B892} = {4B9FB2F0-3068-4703-9530-B9643B79B892}
	EndProjectSection
EndProject
Global
	GlobalSection(SolutionConfigurationPlatforms) = preSolution
		Debug|Win32 = Debug|Win32
		Debug|x64 = Debug|x64
		Debug|x86 = Debug|x86
		Release|Win32 = Release|Win32
		Release|x64 = Release|x64
		Release|x86 = Release|x86
	EndGlobalSection
	GlobalSection(ProjectConfigurationPlatforms) = postSolution
		{4B9FB2F0-3068-4703-9530-B9643B79B892}.Debug|Win32.ActiveCfg = Debug|Win32
		{4B9FB2F0-3068-4703-9530-B9643B79B892}.Debug|Win32.Build.0 = Debug|Win32
		{4B9FB2F0-3068-4703-9530-B9643B79B892}.Debug|x64.ActiveCfg = Debug|x64
		{4B9FB2F0-3068-4703-9530-B9643B79B892}.Debug|x64.Build.0 = Debug|x64
		{4B9FB2F0-3068-4703-9530-B9643B79B892}.Debug|x86.ActiveCfg = Debug|Win32
		{4B9FB2F0-3068-4703-9530-B9643B79B892}.Debug|x86.Build.0 = Debug|Win32
		{4B9FB2F0-3068-4703-9530-B9643B79B892}.Release|Win32.ActiveCfg = Release|Win32
		{4B9FB2F0-3068-4703-9530-B9643B79B892}.Release|Win32.Build.0 = Release|Win32
		{4B9FB2F0-3068-4703-9530-B9643B79B892}.Release|x64.ActiveCfg = Release|x64
		{4B9FB2F0-3068-4703-9530-B9643B79B892}.Release|x64.Build.0 = Release|x64
		{4B9FB2F0-3068-4703-9530-B9643B79B892}.Release|x86.ActiveCfg = Release|Win32
		{4B9FB2F0-3068-4703-9530-B9643B79B892}.Release|x86.Build.0 = Release|Win32
		{0E51D48D-3801-4CDB-8EF7-010831DA3CE7}.Debug|Win32.ActiveCfg = Debug|Win32
		{0E51D48D-3801-4CDB-8EF7-010831DA3CE7}.Debug|Win32.Build.0 = Debug|Win32
		{0E51D48D-3801-4CDB-8EF7-010831DA3CE7}.Debug|x64.ActiveCfg = Debug|x64
		{0E51D48D-3801-4CDB-8EF7-010831DA3CE7}.Debug|x64.Build.0 = Debug|x64
		{0E51D48D-3801-4CDB-8EF7-010831DA3CE7}.Debug|x86.ActiveCfg = Debug|Win32
		{0E51D48D-3801-4CDB-8EF7-010831DA3CE7}.Debug|x86.Build.0 = Debug|Win32
		{0E51D48D-3801-4CDB-8EF7-010831DA3CE7}.Release|Win32.ActiveCfg = Release|Win32
		{0E51D48D-3801-4CDB-8EF7-010831DA3CE7}.Release|Win32.Build.0 = Release|Win32
		{0E51D48D-3801-4CDB-8EF7-010831DA3CE7}.Release|x64.ActiveCfg = Release|x64
		{0E51D48D-3801-4CDB-8EF7-010831DA3CE7}.Release|x64.Build.0 = Release|x64
		{0E51D48D-3801-4CDB-8EF7-010831DA3CE7}.Release|x86.ActiveCfg = Release|Win32
		{0E51D48D-3801-4CDB-8EF7-010831DA3CE7}.Release|x86.Build.0 = Release|Win32
		{569CDEEF-635C-405F-A038-E79F0C31B823}.Debug|Win32.ActiveCfg = Debug|Win32
		{569CDEEF-635C-405F-A038-E79F0C31B823}.Debug|Win32.Build.0 = Debug|Win32
		{569CDEEF-635C-405F-A038-E79F0C31B823}.Debug|x64.ActiveCfg = Debug|x64
		{569CDEEF-635C-405F-A038-E79F0C31B823}.Debug|x64.Build.0 = Debug|x64
		{569CDEEF-635C-405F-A038-E79F0C31B823}.Debug|x86.ActiveCfg = Debug|Win32
		{569CDEEF-635C-405F-A038-E79F0C31B823}.Debug|x86.Build.0 = Debug|Win32
		{569CDEEF-635C-405F-A038-E79F0C31B823}.Release|Win32.ActiveCfg = Release|Win32
		{569CDEEF-635C-405F-A038-E79F0C31B823}.Release|Win32.Build.0 = Release|Win32
		{569CDEEF-635C-405F-A038-E79F0C31B823}.Release|x64.ActiveCfg = Release|x64
		{569CDEEF-635C-405F-A038-E79F0C31B823}.Release|x64.Build.0 = Release|x64
		{569CDEEF-635C-405F-A038-E79F0C31B823}.Release|x86.ActiveCfg = Release|Win32
		{569CDEEF-635C-405F-A038-E79F0C31B823}.Release|x86.Build.0 = Release|Win32
		{46371E40-29A0-4EF3-8782-2568DF510724}.Debug|Win32.ActiveCfg = Debug|Win32
		{46371E40-29A0-4EF3-8782-2568DF510724}.Debug|Win32.Build.0 = Debug|Win32
		{46371E40-29A0-4EF3-8782-2568DF510724}.Debug|x64.ActiveCfg = Debug|x64
		{46371E40-29A0-4EF3-8782-2568DF510724}.Debug|x64.Build.0 = Debug|x64
		{46371E40-29A0-4EF3-8782-2568DF510724}.Debug|x86.ActiveCfg = Debug|Win32
		{46371E40-29A0-4EF3-8782-2568DF510724}.Debug|x86.Build.0 = Debug|Win32
		{46371E40-29A0-4EF3-8782-2568DF510724}.Release|Win32.ActiveCfg = Release|Win32
		{46371E40-29A0-4EF3-8782-2568DF510724}.Release|Win32.Build.0 = Release|Win32
		{46371E40-29A0-4EF3-8782-2568DF510724}.Release|x64.ActiveCfg = Release|x64
		{46371E40-29A0-4EF3-8782-2568DF510724}.Release|x64.Build.0 = Release|x64
		{46371E40-29A0-4EF3-8782-2568DF510724}.Release|x86.ActiveCfg = Release|Win32
		{46371E40-29A0-4EF3-8782-2568DF510724}.Release|x86.Build.0 = Release|Win32
	EndGlobalSection
	GlobalSection(SolutionProperties) = preSolution
		HideSolutionNode = FALSE
	EndGlobalSection
EndGlobal
